# This file is automatically @generated by Poetry 1.7.1 and should not be changed by hand.

[[package]]
name = "plain-models"
version = "0.1.1"
description = "Database models for Plain."
optional = false
python-versions = "^3.11"
files = []
develop = true

[package.dependencies]
sqlparse = ">=0.3.1"

[package.source]
type = "directory"
url = "../plain-models"

[[package]]
name = "plain-sessions"
version = "0.2.0"
description = "Session management for Plain."
optional = false
python-versions = "^3.11"
files = []
develop = true

[package.source]
type = "directory"
url = "../plain-sessions"

[[package]]
name = "sqlparse"
version = "0.5.1"
description = "A non-validating SQL parser."
optional = false
python-versions = ">=3.8"
files = [
    {file = "sqlparse-0.5.1-py3-none-any.whl", hash = "sha256:773dcbf9a5ab44a090f3441e2180efe2560220203dc2f8c0b0fa141e18b505e4"},
    {file = "sqlparse-0.5.1.tar.gz", hash = "sha256:bb6b4df465655ef332548e24f08e205afc81b9ab86cb1c45657a7ff173a3a00e"},
]

[package.extras]
dev = ["build", "hatch"]
doc = ["sphinx"]

[metadata]
lock-version = "2.0"
python-versions = "^3.11"
content-hash = "3b37ec2658dffa34683ad5f98a05c53a79358a51534da4380fbfd05706b0ba8c"
