# This file is automatically @generated by Poetry 1.8.3 and should not be changed by hand.

[[package]]
name = "click"
version = "8.1.7"
description = "Composable command line interface toolkit"
optional = false
python-versions = ">=3.7"
files = [
    {file = "click-8.1.7-py3-none-any.whl", hash = "sha256:ae74fb96c20a0277a1d615f1e4d73c8414f5a98db8b799a7931d1582f3390c28"},
    {file = "click-8.1.7.tar.gz", hash = "sha256:ca9853ad459e787e2192211578cc907e7594e294c7ccc834310722b41b9ca6de"},
]

[package.dependencies]
colorama = {version = "*", markers = "platform_system == \"Windows\""}

[[package]]
name = "colorama"
version = "0.4.6"
description = "Cross-platform colored terminal text."
optional = false
python-versions = "!=3.0.*,!=3.1.*,!=3.2.*,!=3.3.*,!=3.4.*,!=3.5.*,!=3.6.*,>=2.7"
files = [
    {file = "colorama-0.4.6-py2.py3-none-any.whl", hash = "sha256:4f1d9991f5acc0ca119f9d443620b77f9d6b33703e51011c16baf57afb285fc6"},
    {file = "colorama-0.4.6.tar.gz", hash = "sha256:08695f5cb7ed6e0531a20572697297273c47b8cae5a63ffc6d6ed5c201be6e44"},
]

[[package]]
name = "iniconfig"
version = "2.0.0"
description = "brain-dead simple config-ini parsing"
optional = false
python-versions = ">=3.7"
files = [
    {file = "iniconfig-2.0.0-py3-none-any.whl", hash = "sha256:b6a85871a79d2e3b22d2d1b94ac2824226a63c6b741c88f7ae975f18b6778374"},
    {file = "iniconfig-2.0.0.tar.gz", hash = "sha256:2d91e135bf72d31a410b17c16da610a82cb55f6b0477d1a902134b24a455b8b3"},
]

[[package]]
name = "jinja2"
version = "3.1.4"
description = "A very fast and expressive template engine."
optional = false
python-versions = ">=3.7"
files = [
    {file = "jinja2-3.1.4-py3-none-any.whl", hash = "sha256:bc5dd2abb727a5319567b7a813e6a2e7318c39f4f487cfe6c89c6f9c7d25197d"},
    {file = "jinja2-3.1.4.tar.gz", hash = "sha256:4a3aee7acbbe7303aede8e9648d13b8bf88a429282aa6122a993f0ac800cb369"},
]

[package.dependencies]
MarkupSafe = ">=2.0"

[package.extras]
i18n = ["Babel (>=2.7)"]

[[package]]
name = "markupsafe"
version = "3.0.1"
description = "Safely add untrusted strings to HTML/XML markup."
optional = false
python-versions = ">=3.9"
files = [
    {file = "MarkupSafe-3.0.1-cp310-cp310-macosx_10_9_universal2.whl", hash = "sha256:db842712984e91707437461930e6011e60b39136c7331e971952bb30465bc1a1"},
    {file = "MarkupSafe-3.0.1-cp310-cp310-macosx_11_0_arm64.whl", hash = "sha256:3ffb4a8e7d46ed96ae48805746755fadd0909fea2306f93d5d8233ba23dda12a"},
    {file = "MarkupSafe-3.0.1-cp310-cp310-manylinux_2_17_aarch64.manylinux2014_aarch64.whl", hash = "sha256:67c519635a4f64e495c50e3107d9b4075aec33634272b5db1cde839e07367589"},
    {file = "MarkupSafe-3.0.1-cp310-cp310-manylinux_2_17_x86_64.manylinux2014_x86_64.whl", hash = "sha256:48488d999ed50ba8d38c581d67e496f955821dc183883550a6fbc7f1aefdc170"},
    {file = "MarkupSafe-3.0.1-cp310-cp310-manylinux_2_5_i686.manylinux1_i686.manylinux_2_17_i686.manylinux2014_i686.whl", hash = "sha256:f31ae06f1328595d762c9a2bf29dafd8621c7d3adc130cbb46278079758779ca"},
    {file = "MarkupSafe-3.0.1-cp310-cp310-musllinux_1_2_aarch64.whl", hash = "sha256:80fcbf3add8790caddfab6764bde258b5d09aefbe9169c183f88a7410f0f6dea"},
    {file = "MarkupSafe-3.0.1-cp310-cp310-musllinux_1_2_i686.whl", hash = "sha256:3341c043c37d78cc5ae6e3e305e988532b072329639007fd408a476642a89fd6"},
    {file = "MarkupSafe-3.0.1-cp310-cp310-musllinux_1_2_x86_64.whl", hash = "sha256:cb53e2a99df28eee3b5f4fea166020d3ef9116fdc5764bc5117486e6d1211b25"},
    {file = "MarkupSafe-3.0.1-cp310-cp310-win32.whl", hash = "sha256:db15ce28e1e127a0013dfb8ac243a8e392db8c61eae113337536edb28bdc1f97"},
    {file = "MarkupSafe-3.0.1-cp310-cp310-win_amd64.whl", hash = "sha256:4ffaaac913c3f7345579db4f33b0020db693f302ca5137f106060316761beea9"},
    {file = "MarkupSafe-3.0.1-cp311-cp311-macosx_10_9_universal2.whl", hash = "sha256:26627785a54a947f6d7336ce5963569b5d75614619e75193bdb4e06e21d447ad"},
    {file = "MarkupSafe-3.0.1-cp311-cp311-macosx_11_0_arm64.whl", hash = "sha256:b954093679d5750495725ea6f88409946d69cfb25ea7b4c846eef5044194f583"},
    {file = "MarkupSafe-3.0.1-cp311-cp311-manylinux_2_17_aarch64.manylinux2014_aarch64.whl", hash = "sha256:973a371a55ce9ed333a3a0f8e0bcfae9e0d637711534bcb11e130af2ab9334e7"},
    {file = "MarkupSafe-3.0.1-cp311-cp311-manylinux_2_17_x86_64.manylinux2014_x86_64.whl", hash = "sha256:244dbe463d5fb6d7ce161301a03a6fe744dac9072328ba9fc82289238582697b"},
    {file = "MarkupSafe-3.0.1-cp311-cp311-manylinux_2_5_i686.manylinux1_i686.manylinux_2_17_i686.manylinux2014_i686.whl", hash = "sha256:d98e66a24497637dd31ccab090b34392dddb1f2f811c4b4cd80c230205c074a3"},
    {file = "MarkupSafe-3.0.1-cp311-cp311-musllinux_1_2_aarch64.whl", hash = "sha256:ad91738f14eb8da0ff82f2acd0098b6257621410dcbd4df20aaa5b4233d75a50"},
    {file = "MarkupSafe-3.0.1-cp311-cp311-musllinux_1_2_i686.whl", hash = "sha256:7044312a928a66a4c2a22644147bc61a199c1709712069a344a3fb5cfcf16915"},
    {file = "MarkupSafe-3.0.1-cp311-cp311-musllinux_1_2_x86_64.whl", hash = "sha256:a4792d3b3a6dfafefdf8e937f14906a51bd27025a36f4b188728a73382231d91"},
    {file = "MarkupSafe-3.0.1-cp311-cp311-win32.whl", hash = "sha256:fa7d686ed9883f3d664d39d5a8e74d3c5f63e603c2e3ff0abcba23eac6542635"},
    {file = "MarkupSafe-3.0.1-cp311-cp311-win_amd64.whl", hash = "sha256:9ba25a71ebf05b9bb0e2ae99f8bc08a07ee8e98c612175087112656ca0f5c8bf"},
    {file = "MarkupSafe-3.0.1-cp312-cp312-macosx_10_13_universal2.whl", hash = "sha256:8ae369e84466aa70f3154ee23c1451fda10a8ee1b63923ce76667e3077f2b0c4"},
    {file = "MarkupSafe-3.0.1-cp312-cp312-macosx_11_0_arm64.whl", hash = "sha256:40f1e10d51c92859765522cbd79c5c8989f40f0419614bcdc5015e7b6bf97fc5"},
    {file = "MarkupSafe-3.0.1-cp312-cp312-manylinux_2_17_aarch64.manylinux2014_aarch64.whl", hash = "sha256:5a4cb365cb49b750bdb60b846b0c0bc49ed62e59a76635095a179d440540c346"},
    {file = "MarkupSafe-3.0.1-cp312-cp312-manylinux_2_17_x86_64.manylinux2014_x86_64.whl", hash = "sha256:ee3941769bd2522fe39222206f6dd97ae83c442a94c90f2b7a25d847d40f4729"},
    {file = "MarkupSafe-3.0.1-cp312-cp312-manylinux_2_5_i686.manylinux1_i686.manylinux_2_17_i686.manylinux2014_i686.whl", hash = "sha256:62fada2c942702ef8952754abfc1a9f7658a4d5460fabe95ac7ec2cbe0d02abc"},
    {file = "MarkupSafe-3.0.1-cp312-cp312-musllinux_1_2_aarch64.whl", hash = "sha256:4c2d64fdba74ad16138300815cfdc6ab2f4647e23ced81f59e940d7d4a1469d9"},
    {file = "MarkupSafe-3.0.1-cp312-cp312-musllinux_1_2_i686.whl", hash = "sha256:fb532dd9900381d2e8f48172ddc5a59db4c445a11b9fab40b3b786da40d3b56b"},
    {file = "MarkupSafe-3.0.1-cp312-cp312-musllinux_1_2_x86_64.whl", hash = "sha256:0f84af7e813784feb4d5e4ff7db633aba6c8ca64a833f61d8e4eade234ef0c38"},
    {file = "MarkupSafe-3.0.1-cp312-cp312-win32.whl", hash = "sha256:cbf445eb5628981a80f54087f9acdbf84f9b7d862756110d172993b9a5ae81aa"},
    {file = "MarkupSafe-3.0.1-cp312-cp312-win_amd64.whl", hash = "sha256:a10860e00ded1dd0a65b83e717af28845bb7bd16d8ace40fe5531491de76b79f"},
    {file = "MarkupSafe-3.0.1-cp313-cp313-macosx_10_13_universal2.whl", hash = "sha256:e81c52638315ff4ac1b533d427f50bc0afc746deb949210bc85f05d4f15fd772"},
    {file = "MarkupSafe-3.0.1-cp313-cp313-macosx_11_0_arm64.whl", hash = "sha256:312387403cd40699ab91d50735ea7a507b788091c416dd007eac54434aee51da"},
    {file = "MarkupSafe-3.0.1-cp313-cp313-manylinux_2_17_aarch64.manylinux2014_aarch64.whl", hash = "sha256:2ae99f31f47d849758a687102afdd05bd3d3ff7dbab0a8f1587981b58a76152a"},
    {file = "MarkupSafe-3.0.1-cp313-cp313-manylinux_2_17_x86_64.manylinux2014_x86_64.whl", hash = "sha256:c97ff7fedf56d86bae92fa0a646ce1a0ec7509a7578e1ed238731ba13aabcd1c"},
    {file = "MarkupSafe-3.0.1-cp313-cp313-manylinux_2_5_i686.manylinux1_i686.manylinux_2_17_i686.manylinux2014_i686.whl", hash = "sha256:a7420ceda262dbb4b8d839a4ec63d61c261e4e77677ed7c66c99f4e7cb5030dd"},
    {file = "MarkupSafe-3.0.1-cp313-cp313-musllinux_1_2_aarch64.whl", hash = "sha256:45d42d132cff577c92bfba536aefcfea7e26efb975bd455db4e6602f5c9f45e7"},
    {file = "MarkupSafe-3.0.1-cp313-cp313-musllinux_1_2_i686.whl", hash = "sha256:4c8817557d0de9349109acb38b9dd570b03cc5014e8aabf1cbddc6e81005becd"},
    {file = "MarkupSafe-3.0.1-cp313-cp313-musllinux_1_2_x86_64.whl", hash = "sha256:6a54c43d3ec4cf2a39f4387ad044221c66a376e58c0d0e971d47c475ba79c6b5"},
    {file = "MarkupSafe-3.0.1-cp313-cp313-win32.whl", hash = "sha256:c91b394f7601438ff79a4b93d16be92f216adb57d813a78be4446fe0f6bc2d8c"},
    {file = "MarkupSafe-3.0.1-cp313-cp313-win_amd64.whl", hash = "sha256:fe32482b37b4b00c7a52a07211b479653b7fe4f22b2e481b9a9b099d8a430f2f"},
    {file = "MarkupSafe-3.0.1-cp313-cp313t-macosx_10_13_universal2.whl", hash = "sha256:17b2aea42a7280db02ac644db1d634ad47dcc96faf38ab304fe26ba2680d359a"},
    {file = "MarkupSafe-3.0.1-cp313-cp313t-macosx_11_0_arm64.whl", hash = "sha256:852dc840f6d7c985603e60b5deaae1d89c56cb038b577f6b5b8c808c97580f1d"},
    {file = "MarkupSafe-3.0.1-cp313-cp313t-manylinux_2_17_aarch64.manylinux2014_aarch64.whl", hash = "sha256:0778de17cff1acaeccc3ff30cd99a3fd5c50fc58ad3d6c0e0c4c58092b859396"},
    {file = "MarkupSafe-3.0.1-cp313-cp313t-manylinux_2_17_x86_64.manylinux2014_x86_64.whl", hash = "sha256:800100d45176652ded796134277ecb13640c1a537cad3b8b53da45aa96330453"},
    {file = "MarkupSafe-3.0.1-cp313-cp313t-manylinux_2_5_i686.manylinux1_i686.manylinux_2_17_i686.manylinux2014_i686.whl", hash = "sha256:d06b24c686a34c86c8c1fba923181eae6b10565e4d80bdd7bc1c8e2f11247aa4"},
    {file = "MarkupSafe-3.0.1-cp313-cp313t-musllinux_1_2_aarch64.whl", hash = "sha256:33d1c36b90e570ba7785dacd1faaf091203d9942bc036118fab8110a401eb1a8"},
    {file = "MarkupSafe-3.0.1-cp313-cp313t-musllinux_1_2_i686.whl", hash = "sha256:beeebf760a9c1f4c07ef6a53465e8cfa776ea6a2021eda0d0417ec41043fe984"},
    {file = "MarkupSafe-3.0.1-cp313-cp313t-musllinux_1_2_x86_64.whl", hash = "sha256:bbde71a705f8e9e4c3e9e33db69341d040c827c7afa6789b14c6e16776074f5a"},
    {file = "MarkupSafe-3.0.1-cp313-cp313t-win32.whl", hash = "sha256:82b5dba6eb1bcc29cc305a18a3c5365d2af06ee71b123216416f7e20d2a84e5b"},
    {file = "MarkupSafe-3.0.1-cp313-cp313t-win_amd64.whl", hash = "sha256:730d86af59e0e43ce277bb83970530dd223bf7f2a838e086b50affa6ec5f9295"},
    {file = "MarkupSafe-3.0.1-cp39-cp39-macosx_10_9_universal2.whl", hash = "sha256:4935dd7883f1d50e2ffecca0aa33dc1946a94c8f3fdafb8df5c330e48f71b132"},
    {file = "MarkupSafe-3.0.1-cp39-cp39-macosx_11_0_arm64.whl", hash = "sha256:e9393357f19954248b00bed7c56f29a25c930593a77630c719653d51e7669c2a"},
    {file = "MarkupSafe-3.0.1-cp39-cp39-manylinux_2_17_aarch64.manylinux2014_aarch64.whl", hash = "sha256:40621d60d0e58aa573b68ac5e2d6b20d44392878e0bfc159012a5787c4e35bc8"},
    {file = "MarkupSafe-3.0.1-cp39-cp39-manylinux_2_17_x86_64.manylinux2014_x86_64.whl", hash = "sha256:f94190df587738280d544971500b9cafc9b950d32efcb1fba9ac10d84e6aa4e6"},
    {file = "MarkupSafe-3.0.1-cp39-cp39-manylinux_2_5_i686.manylinux1_i686.manylinux_2_17_i686.manylinux2014_i686.whl", hash = "sha256:b6a387d61fe41cdf7ea95b38e9af11cfb1a63499af2759444b99185c4ab33f5b"},
    {file = "MarkupSafe-3.0.1-cp39-cp39-musllinux_1_2_aarch64.whl", hash = "sha256:8ad4ad1429cd4f315f32ef263c1342166695fad76c100c5d979c45d5570ed58b"},
    {file = "MarkupSafe-3.0.1-cp39-cp39-musllinux_1_2_i686.whl", hash = "sha256:e24bfe89c6ac4c31792793ad9f861b8f6dc4546ac6dc8f1c9083c7c4f2b335cd"},
    {file = "MarkupSafe-3.0.1-cp39-cp39-musllinux_1_2_x86_64.whl", hash = "sha256:2a4b34a8d14649315c4bc26bbfa352663eb51d146e35eef231dd739d54a5430a"},
    {file = "MarkupSafe-3.0.1-cp39-cp39-win32.whl", hash = "sha256:242d6860f1fd9191aef5fae22b51c5c19767f93fb9ead4d21924e0bcb17619d8"},
    {file = "MarkupSafe-3.0.1-cp39-cp39-win_amd64.whl", hash = "sha256:93e8248d650e7e9d49e8251f883eed60ecbc0e8ffd6349e18550925e31bd029b"},
    {file = "markupsafe-3.0.1.tar.gz", hash = "sha256:3e683ee4f5d0fa2dde4db77ed8dd8a876686e3fc417655c2ece9a90576905344"},
]

[[package]]
name = "packaging"
version = "24.1"
description = "Core utilities for Python packages"
optional = false
python-versions = ">=3.8"
files = [
    {file = "packaging-24.1-py3-none-any.whl", hash = "sha256:5b8f2217dbdbd2f7f384c41c628544e6d52f2d0f53c6d0c3ea61aa5d1d7ff124"},
    {file = "packaging-24.1.tar.gz", hash = "sha256:026ed72c8ed3fcce5bf8950572258698927fd1dbda10a5e981cdf0ac37f4f002"},
]

[[package]]
name = "plain"
version = "0.9.0"
description = "A web framework for building products with Python."
optional = false
python-versions = "^3.11"
files = []
develop = true

[package.dependencies]
click = ">=8.0.0"
jinja2 = "^3.1.2"

[package.source]
type = "directory"
url = "../plain"

[[package]]
name = "pluggy"
version = "1.5.0"
description = "plugin and hook calling mechanisms for python"
optional = false
python-versions = ">=3.8"
files = [
    {file = "pluggy-1.5.0-py3-none-any.whl", hash = "sha256:44e1ad92c8ca002de6377e165f3e0f1be63266ab4d554740532335b9d75ea669"},
    {file = "pluggy-1.5.0.tar.gz", hash = "sha256:2cffa88e94fdc978c4c574f15f9e59b7f4201d439195c3715ca9e2486f1d0cf1"},
]

[package.extras]
dev = ["pre-commit", "tox"]
testing = ["pytest", "pytest-benchmark"]

[[package]]
name = "pytest"
version = "8.3.3"
description = "pytest: simple powerful testing with Python"
optional = false
python-versions = ">=3.8"
files = [
    {file = "pytest-8.3.3-py3-none-any.whl", hash = "sha256:a6853c7375b2663155079443d2e45de913a911a11d669df02a50814944db57b2"},
    {file = "pytest-8.3.3.tar.gz", hash = "sha256:70b98107bd648308a7952b06e6ca9a50bc660be218d53c257cc1fc94fda10181"},
]

[package.dependencies]
colorama = {version = "*", markers = "sys_platform == \"win32\""}
iniconfig = "*"
packaging = "*"
pluggy = ">=1.5,<2"

[package.extras]
dev = ["argcomplete", "attrs (>=19.2)", "hypothesis (>=3.56)", "mock", "pygments (>=2.7.2)", "requests", "setuptools", "xmlschema"]

[[package]]
name = "python-dotenv"
version = "1.0.1"
description = "Read key-value pairs from a .env file and set them as environment variables"
optional = false
python-versions = ">=3.8"
files = [
    {file = "python-dotenv-1.0.1.tar.gz", hash = "sha256:e324ee90a023d808f1959c46bcbc04446a10ced277783dc6ee09987c37ec10ca"},
    {file = "python_dotenv-1.0.1-py3-none-any.whl", hash = "sha256:f7b63ef50f1b690dddf550d03497b66d609393b40b564ed0d674909a68ebf16a"},
]

[package.extras]
cli = ["click (>=5.0)"]

[metadata]
lock-version = "2.0"
python-versions = "^3.11"
content-hash = "0bbdc308c83b0280b5491c279585ce6cc161c0f2170848aa23ca160eaad5f784"
