{
  "name": "plain-htmx",
  "lockfileVersion": 3,
  "requires": true,
  "packages": {
    "": {
      "dependencies": {
        "htmx.org": "^2.0.0",
        "idiomorph": "^0.4.0"
      }
    },
    "node_modules/htmx.org": {
      "version": "2.0.4",
      "resolved": "https://registry.npmjs.org/htmx.org/-/htmx.org-2.0.4.tgz",
      "integrity": "sha512-HLxMCdfXDOJirs3vBZl/ZLoY+c7PfM4Ahr2Ad4YXh6d22T5ltbTXFFkpx9Tgb2vvmWFMbIc3LqN2ToNkZJvyYQ==",
      "license": "0BSD"
    },
    "node_modules/idiomorph": {
      "version": "0.4.0",
      "resolved": "https://registry.npmjs.org/idiomorph/-/idiomorph-0.4.0.tgz",
      "integrity": "sha512-VdXFpZOTXhLatJmhCWJR5oQKLXT01O6sFCJqT0/EqG71C4tYZdPJ5etvttwWsT2WKRYWz160XkNr1DUqXNMZHg==",
      "license": "BSD-2-Clause"
    }
  }
}
