{
  "name": "plain-htmx",
  "lockfileVersion": 3,
  "requires": true,
  "packages": {
    "": {
      "dependencies": {
        "htmx.org": "^1.8.5",
        "idiomorph": "^0.3.0"
      }
    },
    "node_modules/htmx.org": {
      "version": "1.9.10",
      "resolved": "https://registry.npmjs.org/htmx.org/-/htmx.org-1.9.10.tgz",
      "integrity": "sha512-UgchasltTCrTuU2DQLom3ohHrBvwr7OqpwyAVJ9VxtNBng4XKkVsqrv0Qr3srqvM9ZNI3f1MmvVQQqK7KW/bTA=="
    },
    "node_modules/idiomorph": {
      "version": "0.3.0",
      "resolved": "https://registry.npmjs.org/idiomorph/-/idiomorph-0.3.0.tgz",
      "integrity": "sha512-UhV1Ey5xCxIwR9B+OgIjQa+1Jx99XQ1vQHUsKBU1RpQzCx1u+b+N6SOXgf5mEJDqemUI/ffccu6+71l2mJUsRA=="
    }
  }
}
