{
  "name": "bolt-htmx",
  "lockfileVersion": 3,
  "requires": true,
  "packages": {
    "": {
      "dependencies": {
        "htmx.org": "^1.8.5"
      }
    },
    "node_modules/htmx.org": {
      "version": "1.9.4",
      "resolved": "https://registry.npmjs.org/htmx.org/-/htmx.org-1.9.4.tgz",
      "integrity": "sha512-GB9afD20gYw708z2PjClwlDgNtD1p4RYQtlDKak/JyMhrgiSL8sPfGqdkNmSLrhuCFekWw9mLpRNK/+Xn9aayA=="
    }
  }
}
